
Microsoft Visual Studio Solution File, Format Version 12.00
# Visual Studio 15
Project("{FAE04EC0-301F-11D3-BF4B-00C04F79EFBC}") = "AppCenterExtensions", "AppCenterExtensions\AppCenterExtensions.csproj", "{8004B33A-7C4D-4822-9BE4-F0DEE6AC491D}"
EndProject
Project("{FAE04EC0-301F-11D3-BF4B-00C04F79EFBC}") = "AppCenterExtensions.Tests", "AppCenterExtensions.Tests\AppCenterExtensions.Tests.csproj", "{209B75CB-9284-49F8-BA3F-C33123C091C9}"
EndProject
Project("{2150E333-8FDC-42A3-9474-1A3956D46DE8}") = "Docs", "Docs", "{A1ADE7DB-AD31-46D2-8229-0CA027E614E5}"
ProjectSection(SolutionItems) = preProject
	..\README.md = ..\README.md
EndProjectSection
EndProject
Project("{FAE04EC0-301F-11D3-BF4B-00C04F79EFBC}") = "AppCenterExtensions.XamarinForms", "AppCenterExtensions.XamarinForms\AppCenterExtensions.XamarinForms.csproj", "{95319728-2C3C-473E-9ED4-92BBAB14D83C}"
EndProject
Global
	GlobalSection(SolutionConfigurationPlatforms) = preSolution
		Debug|Any CPU = Debug|Any CPU
		Release|Any CPU = Release|Any CPU
	EndGlobalSection
	GlobalSection(ProjectConfigurationPlatforms) = postSolution
		{8004B33A-7C4D-4822-9BE4-F0DEE6AC491D}.Debug|Any CPU.ActiveCfg = Debug|Any CPU
		{8004B33A-7C4D-4822-9BE4-F0DEE6AC491D}.Debug|Any CPU.Build.0 = Debug|Any CPU
		{8004B33A-7C4D-4822-9BE4-F0DEE6AC491D}.Release|Any CPU.ActiveCfg = Release|Any CPU
		{8004B33A-7C4D-4822-9BE4-F0DEE6AC491D}.Release|Any CPU.Build.0 = Release|Any CPU
		{209B75CB-9284-49F8-BA3F-C33123C091C9}.Debug|Any CPU.ActiveCfg = Debug|Any CPU
		{209B75CB-9284-49F8-BA3F-C33123C091C9}.Debug|Any CPU.Build.0 = Debug|Any CPU
		{209B75CB-9284-49F8-BA3F-C33123C091C9}.Release|Any CPU.ActiveCfg = Release|Any CPU
		{209B75CB-9284-49F8-BA3F-C33123C091C9}.Release|Any CPU.Build.0 = Release|Any CPU
		{95319728-2C3C-473E-9ED4-92BBAB14D83C}.Debug|Any CPU.ActiveCfg = Debug|Any CPU
		{95319728-2C3C-473E-9ED4-92BBAB14D83C}.Debug|Any CPU.Build.0 = Debug|Any CPU
		{95319728-2C3C-473E-9ED4-92BBAB14D83C}.Release|Any CPU.ActiveCfg = Release|Any CPU
		{95319728-2C3C-473E-9ED4-92BBAB14D83C}.Release|Any CPU.Build.0 = Release|Any CPU
	EndGlobalSection
EndGlobal
